
Microsoft Visual Studio Solution File, Format Version 12.00
# Visual Studio 15
VisualStudioVersion = 15.0.28010.2041
MinimumVisualStudioVersion = 10.0.40219.1
Project("{FAE04EC0-301F-11D3-BF4B-00C04F79EFBC}") = "TestChat", "TestChat\TestChat.csproj", "{D2E18FEB-8A84-4FB5-BFD8-606BF15AD951}"
EndProject
Global
	GlobalSection(SolutionConfigurationPlatforms) = preSolution
		Debug|Any CPU = Debug|Any CPU
		Release|Any CPU = Release|Any CPU
	EndGlobalSection
	GlobalSection(ProjectConfigurationPlatforms) = postSolution
		{D2E18FEB-8A84-4FB5-BFD8-606BF15AD951}.Debug|Any CPU.ActiveCfg = Debug|Any CPU
		{D2E18FEB-8A84-4FB5-BFD8-606BF15AD951}.Debug|Any CPU.Build.0 = Debug|Any CPU
		{D2E18FEB-8A84-4FB5-BFD8-606BF15AD951}.Release|Any CPU.ActiveCfg = Release|Any CPU
		{D2E18FEB-8A84-4FB5-BFD8-606BF15AD951}.Release|Any CPU.Build.0 = Release|Any CPU
	EndGlobalSection
	GlobalSection(SolutionProperties) = preSolution
		HideSolutionNode = FALSE
	EndGlobalSection
	GlobalSection(ExtensibilityGlobals) = postSolution
		SolutionGuid = {19EA30B7-8A82-4D4A-BF48-83A9F3CFE664}
	EndGlobalSection
EndGlobal
